
Microsoft Visual Studio Solution File, Format Version 12.00
# Visual Studio Version 17
VisualStudioVersion = 17.0.31903.59
MinimumVisualStudioVersion = 10.0.40219.1
Project("{9A19103F-16F7-4668-BE54-9A1E7A4F7556}") = "PlatformService", "PlatformService\PlatformService.csproj", "{2EDC3CE4-873A-418B-96E9-A1E7A691DB03}"
EndProject
Project("{2150E333-8FDC-42A3-9474-1A3956D46DE8}") = "K8S", "K8S", "{6C0E29AA-E98A-4FD6-93D1-5FF2F02A64AB}"
	ProjectSection(SolutionItems) = preProject
		K8S\platform-service-nodeport-service.yaml = K8S\platform-service-nodeport-service.yaml
		K8S\command-service-depl.yaml = K8S\command-service-depl.yaml
		K8S\platform-service-depl.yaml = K8S\platform-service-depl.yaml
		K8S\ingress-service.yaml = K8S\ingress-service.yaml
		K8S\local-persistent-volume-claim.yaml = K8S\local-persistent-volume-claim.yaml
		K8S\mssql-platform-depl.yaml = K8S\mssql-platform-depl.yaml
	EndProjectSection
EndProject
Project("{FAE04EC0-301F-11D3-BF4B-00C04F79EFBC}") = "CommandService", "CommandService\CommandService.csproj", "{3B8D48E5-740A-4B73-982C-04EC596BC4E3}"
EndProject
Global
	GlobalSection(SolutionConfigurationPlatforms) = preSolution
		Debug|Any CPU = Debug|Any CPU
		Release|Any CPU = Release|Any CPU
	EndGlobalSection
	GlobalSection(ProjectConfigurationPlatforms) = postSolution
		{2EDC3CE4-873A-418B-96E9-A1E7A691DB03}.Debug|Any CPU.ActiveCfg = Debug|Any CPU
		{2EDC3CE4-873A-418B-96E9-A1E7A691DB03}.Debug|Any CPU.Build.0 = Debug|Any CPU
		{2EDC3CE4-873A-418B-96E9-A1E7A691DB03}.Release|Any CPU.ActiveCfg = Release|Any CPU
		{2EDC3CE4-873A-418B-96E9-A1E7A691DB03}.Release|Any CPU.Build.0 = Release|Any CPU
		{3B8D48E5-740A-4B73-982C-04EC596BC4E3}.Debug|Any CPU.ActiveCfg = Debug|Any CPU
		{3B8D48E5-740A-4B73-982C-04EC596BC4E3}.Debug|Any CPU.Build.0 = Debug|Any CPU
		{3B8D48E5-740A-4B73-982C-04EC596BC4E3}.Release|Any CPU.ActiveCfg = Release|Any CPU
		{3B8D48E5-740A-4B73-982C-04EC596BC4E3}.Release|Any CPU.Build.0 = Release|Any CPU
	EndGlobalSection
	GlobalSection(SolutionProperties) = preSolution
		HideSolutionNode = FALSE
	EndGlobalSection
	GlobalSection(ExtensibilityGlobals) = postSolution
		SolutionGuid = {53F31473-48F3-46ED-99FC-072A053C53F4}
	EndGlobalSection
EndGlobal
